
Microsoft Visual Studio Solution File, Format Version 12.00
# Visual Studio 15
VisualStudioVersion = 15.0.26228.12
MinimumVisualStudioVersion = 10.0.40219.1
Project("{2150E333-8FDC-42A3-9474-1A3956D46DE8}") = "Solution Items", "Solution Items", "{46E854F7-AEE3-4ADF-B01A-479D0C1584E0}"
	ProjectSection(SolutionItems) = preProject
		CHANGELOG.md = CHANGELOG.md
		CPOL.htm = CPOL.htm
		ITCC.NetworkView.nuspec = ITCC.NetworkView.nuspec
		LICENSE.md = LICENSE.md
		README.md = README.md
	EndProjectSection
EndProject
Project("{FAE04EC0-301F-11D3-BF4B-00C04F79EFBC}") = "ITCC.NetworkView.ZoomAndPan", "src\ITCC.NetworkView.ZoomAndPan\ITCC.NetworkView.ZoomAndPan.csproj", "{468ADEDE-6F5E-40C0-99C9-C6DAC4FAC934}"
EndProject
Project("{FAE04EC0-301F-11D3-BF4B-00C04F79EFBC}") = "ITCC.NetworkView.Utils", "src\ITCC.NetworkView.Utils\ITCC.NetworkView.Utils.csproj", "{E7D6707B-D6EF-4FA8-9374-DC3B7D3CDFD6}"
EndProject
Project("{FAE04EC0-301F-11D3-BF4B-00C04F79EFBC}") = "ITCC.NetworkView.NetworkUI", "src\ITCC.NetworkView.NetworkUI\ITCC.NetworkView.NetworkUI.csproj", "{B7CA1480-C144-40AC-AB97-A626F800D5B4}"
EndProject
Project("{FAE04EC0-301F-11D3-BF4B-00C04F79EFBC}") = "ITCC.NetworkView.SimpleSample", "sample\SimpleSample\ITCC.NetworkView.SimpleSample\ITCC.NetworkView.SimpleSample.csproj", "{21411DAC-85C8-416B-ABD2-869EE23F4FFC}"
EndProject
Project("{FAE04EC0-301F-11D3-BF4B-00C04F79EFBC}") = "ITCC.NetworkView.SimpleSample.NetworkModel", "sample\SimpleSample\ITCC.NetworkView.SimpleSample.NetworkModel\ITCC.NetworkView.SimpleSample.NetworkModel.csproj", "{B855BFF4-4537-446F-AD26-5392296A248E}"
EndProject
Project("{FAE04EC0-301F-11D3-BF4B-00C04F79EFBC}") = "ITCC.NetworkView.AdvancedSample", "sample\AdvancedSample\ITCC.NetworkView.AdvancedSample\ITCC.NetworkView.AdvancedSample.csproj", "{2AA2E559-5417-40ED-A739-D98049C8A68A}"
EndProject
Project("{FAE04EC0-301F-11D3-BF4B-00C04F79EFBC}") = "ITCC.NetworkView.AdvancedSample.NetworkModel", "sample\AdvancedSample\ITCC.NetworkView.AdvancedSample.NetworkModel\ITCC.NetworkView.AdvancedSample.NetworkModel.csproj", "{669475DA-8F89-4657-B917-0B0C126BCD1D}"
EndProject
Project("{FAE04EC0-301F-11D3-BF4B-00C04F79EFBC}") = "ITCC.NetworkView.AdornedControl", "src\ITCC.NetworkView.AdornedControl\ITCC.NetworkView.AdornedControl.csproj", "{94B81CB7-F8A6-44BC-BD71-E927F701E0D8}"
EndProject
Project("{2150E333-8FDC-42A3-9474-1A3956D46DE8}") = "scr", "scr", "{1CB4179B-7FC0-4C1B-945C-CA1EB7287D19}"
EndProject
Project("{2150E333-8FDC-42A3-9474-1A3956D46DE8}") = "sample", "sample", "{8AD65DF8-2CC4-4FD5-806C-E789756C4B52}"
EndProject
Project("{2150E333-8FDC-42A3-9474-1A3956D46DE8}") = "AdvancedSample", "AdvancedSample", "{11955016-7ECB-4626-86CE-F5004259446F}"
EndProject
Project("{2150E333-8FDC-42A3-9474-1A3956D46DE8}") = "SimpleSample", "SimpleSample", "{54B1B84F-0D1E-4A23-A1A2-5E61CE56CC9C}"
EndProject
Global
	GlobalSection(SolutionConfigurationPlatforms) = preSolution
		Debug|Any CPU = Debug|Any CPU
		Debug|x64 = Debug|x64
		Debug|x86 = Debug|x86
		Release|Any CPU = Release|Any CPU
		Release|x64 = Release|x64
		Release|x86 = Release|x86
	EndGlobalSection
	GlobalSection(ProjectConfigurationPlatforms) = postSolution
		{468ADEDE-6F5E-40C0-99C9-C6DAC4FAC934}.Debug|Any CPU.ActiveCfg = Debug|Any CPU
		{468ADEDE-6F5E-40C0-99C9-C6DAC4FAC934}.Debug|Any CPU.Build.0 = Debug|Any CPU
		{468ADEDE-6F5E-40C0-99C9-C6DAC4FAC934}.Debug|x64.ActiveCfg = Debug|x64
		{468ADEDE-6F5E-40C0-99C9-C6DAC4FAC934}.Debug|x64.Build.0 = Debug|x64
		{468ADEDE-6F5E-40C0-99C9-C6DAC4FAC934}.Debug|x86.ActiveCfg = Debug|x86
		{468ADEDE-6F5E-40C0-99C9-C6DAC4FAC934}.Debug|x86.Build.0 = Debug|x86
		{468ADEDE-6F5E-40C0-99C9-C6DAC4FAC934}.Release|Any CPU.ActiveCfg = Release|Any CPU
		{468ADEDE-6F5E-40C0-99C9-C6DAC4FAC934}.Release|Any CPU.Build.0 = Release|Any CPU
		{468ADEDE-6F5E-40C0-99C9-C6DAC4FAC934}.Release|x64.ActiveCfg = Release|x64
		{468ADEDE-6F5E-40C0-99C9-C6DAC4FAC934}.Release|x64.Build.0 = Release|x64
		{468ADEDE-6F5E-40C0-99C9-C6DAC4FAC934}.Release|x86.ActiveCfg = Release|x86
		{468ADEDE-6F5E-40C0-99C9-C6DAC4FAC934}.Release|x86.Build.0 = Release|x86
		{E7D6707B-D6EF-4FA8-9374-DC3B7D3CDFD6}.Debug|Any CPU.ActiveCfg = Debug|Any CPU
		{E7D6707B-D6EF-4FA8-9374-DC3B7D3CDFD6}.Debug|Any CPU.Build.0 = Debug|Any CPU
		{E7D6707B-D6EF-4FA8-9374-DC3B7D3CDFD6}.Debug|x64.ActiveCfg = Debug|x64
		{E7D6707B-D6EF-4FA8-9374-DC3B7D3CDFD6}.Debug|x64.Build.0 = Debug|x64
		{E7D6707B-D6EF-4FA8-9374-DC3B7D3CDFD6}.Debug|x86.ActiveCfg = Debug|x86
		{E7D6707B-D6EF-4FA8-9374-DC3B7D3CDFD6}.Debug|x86.Build.0 = Debug|x86
		{E7D6707B-D6EF-4FA8-9374-DC3B7D3CDFD6}.Release|Any CPU.ActiveCfg = Release|Any CPU
		{E7D6707B-D6EF-4FA8-9374-DC3B7D3CDFD6}.Release|Any CPU.Build.0 = Release|Any CPU
		{E7D6707B-D6EF-4FA8-9374-DC3B7D3CDFD6}.Release|x64.ActiveCfg = Release|x64
		{E7D6707B-D6EF-4FA8-9374-DC3B7D3CDFD6}.Release|x64.Build.0 = Release|x64
		{E7D6707B-D6EF-4FA8-9374-DC3B7D3CDFD6}.Release|x86.ActiveCfg = Release|x86
		{E7D6707B-D6EF-4FA8-9374-DC3B7D3CDFD6}.Release|x86.Build.0 = Release|x86
		{B7CA1480-C144-40AC-AB97-A626F800D5B4}.Debug|Any CPU.ActiveCfg = Debug|Any CPU
		{B7CA1480-C144-40AC-AB97-A626F800D5B4}.Debug|Any CPU.Build.0 = Debug|Any CPU
		{B7CA1480-C144-40AC-AB97-A626F800D5B4}.Debug|x64.ActiveCfg = Debug|x64
		{B7CA1480-C144-40AC-AB97-A626F800D5B4}.Debug|x64.Build.0 = Debug|x64
		{B7CA1480-C144-40AC-AB97-A626F800D5B4}.Debug|x86.ActiveCfg = Debug|x86
		{B7CA1480-C144-40AC-AB97-A626F800D5B4}.Debug|x86.Build.0 = Debug|x86
		{B7CA1480-C144-40AC-AB97-A626F800D5B4}.Release|Any CPU.ActiveCfg = Release|Any CPU
		{B7CA1480-C144-40AC-AB97-A626F800D5B4}.Release|Any CPU.Build.0 = Release|Any CPU
		{B7CA1480-C144-40AC-AB97-A626F800D5B4}.Release|x64.ActiveCfg = Release|x64
		{B7CA1480-C144-40AC-AB97-A626F800D5B4}.Release|x64.Build.0 = Release|x64
		{B7CA1480-C144-40AC-AB97-A626F800D5B4}.Release|x86.ActiveCfg = Release|x86
		{B7CA1480-C144-40AC-AB97-A626F800D5B4}.Release|x86.Build.0 = Release|x86
		{21411DAC-85C8-416B-ABD2-869EE23F4FFC}.Debug|Any CPU.ActiveCfg = Debug|Any CPU
		{21411DAC-85C8-416B-ABD2-869EE23F4FFC}.Debug|Any CPU.Build.0 = Debug|Any CPU
		{21411DAC-85C8-416B-ABD2-869EE23F4FFC}.Debug|x64.ActiveCfg = Debug|x64
		{21411DAC-85C8-416B-ABD2-869EE23F4FFC}.Debug|x64.Build.0 = Debug|x64
		{21411DAC-85C8-416B-ABD2-869EE23F4FFC}.Debug|x86.ActiveCfg = Debug|x86
		{21411DAC-85C8-416B-ABD2-869EE23F4FFC}.Debug|x86.Build.0 = Debug|x86
		{21411DAC-85C8-416B-ABD2-869EE23F4FFC}.Release|Any CPU.ActiveCfg = Release|Any CPU
		{21411DAC-85C8-416B-ABD2-869EE23F4FFC}.Release|Any CPU.Build.0 = Release|Any CPU
		{21411DAC-85C8-416B-ABD2-869EE23F4FFC}.Release|x64.ActiveCfg = Release|x64
		{21411DAC-85C8-416B-ABD2-869EE23F4FFC}.Release|x64.Build.0 = Release|x64
		{21411DAC-85C8-416B-ABD2-869EE23F4FFC}.Release|x86.ActiveCfg = Release|x86
		{21411DAC-85C8-416B-ABD2-869EE23F4FFC}.Release|x86.Build.0 = Release|x86
		{B855BFF4-4537-446F-AD26-5392296A248E}.Debug|Any CPU.ActiveCfg = Debug|Any CPU
		{B855BFF4-4537-446F-AD26-5392296A248E}.Debug|Any CPU.Build.0 = Debug|Any CPU
		{B855BFF4-4537-446F-AD26-5392296A248E}.Debug|x64.ActiveCfg = Debug|x64
		{B855BFF4-4537-446F-AD26-5392296A248E}.Debug|x64.Build.0 = Debug|x64
		{B855BFF4-4537-446F-AD26-5392296A248E}.Debug|x86.ActiveCfg = Debug|x86
		{B855BFF4-4537-446F-AD26-5392296A248E}.Debug|x86.Build.0 = Debug|x86
		{B855BFF4-4537-446F-AD26-5392296A248E}.Release|Any CPU.ActiveCfg = Release|Any CPU
		{B855BFF4-4537-446F-AD26-5392296A248E}.Release|Any CPU.Build.0 = Release|Any CPU
		{B855BFF4-4537-446F-AD26-5392296A248E}.Release|x64.ActiveCfg = Release|x64
		{B855BFF4-4537-446F-AD26-5392296A248E}.Release|x64.Build.0 = Release|x64
		{B855BFF4-4537-446F-AD26-5392296A248E}.Release|x86.ActiveCfg = Release|x86
		{B855BFF4-4537-446F-AD26-5392296A248E}.Release|x86.Build.0 = Release|x86
		{2AA2E559-5417-40ED-A739-D98049C8A68A}.Debug|Any CPU.ActiveCfg = Debug|Any CPU
		{2AA2E559-5417-40ED-A739-D98049C8A68A}.Debug|Any CPU.Build.0 = Debug|Any CPU
		{2AA2E559-5417-40ED-A739-D98049C8A68A}.Debug|x64.ActiveCfg = Debug|x64
		{2AA2E559-5417-40ED-A739-D98049C8A68A}.Debug|x64.Build.0 = Debug|x64
		{2AA2E559-5417-40ED-A739-D98049C8A68A}.Debug|x86.ActiveCfg = Debug|x86
		{2AA2E559-5417-40ED-A739-D98049C8A68A}.Debug|x86.Build.0 = Debug|x86
		{2AA2E559-5417-40ED-A739-D98049C8A68A}.Release|Any CPU.ActiveCfg = Release|Any CPU
		{2AA2E559-5417-40ED-A739-D98049C8A68A}.Release|Any CPU.Build.0 = Release|Any CPU
		{2AA2E559-5417-40ED-A739-D98049C8A68A}.Release|x64.ActiveCfg = Release|x64
		{2AA2E559-5417-40ED-A739-D98049C8A68A}.Release|x64.Build.0 = Release|x64
		{2AA2E559-5417-40ED-A739-D98049C8A68A}.Release|x86.ActiveCfg = Release|x86
		{2AA2E559-5417-40ED-A739-D98049C8A68A}.Release|x86.Build.0 = Release|x86
		{669475DA-8F89-4657-B917-0B0C126BCD1D}.Debug|Any CPU.ActiveCfg = Debug|Any CPU
		{669475DA-8F89-4657-B917-0B0C126BCD1D}.Debug|Any CPU.Build.0 = Debug|Any CPU
		{669475DA-8F89-4657-B917-0B0C126BCD1D}.Debug|x64.ActiveCfg = Debug|x64
		{669475DA-8F89-4657-B917-0B0C126BCD1D}.Debug|x64.Build.0 = Debug|x64
		{669475DA-8F89-4657-B917-0B0C126BCD1D}.Debug|x86.ActiveCfg = Debug|x86
		{669475DA-8F89-4657-B917-0B0C126BCD1D}.Debug|x86.Build.0 = Debug|x86
		{669475DA-8F89-4657-B917-0B0C126BCD1D}.Release|Any CPU.ActiveCfg = Release|Any CPU
		{669475DA-8F89-4657-B917-0B0C126BCD1D}.Release|Any CPU.Build.0 = Release|Any CPU
		{669475DA-8F89-4657-B917-0B0C126BCD1D}.Release|x64.ActiveCfg = Release|x64
		{669475DA-8F89-4657-B917-0B0C126BCD1D}.Release|x64.Build.0 = Release|x64
		{669475DA-8F89-4657-B917-0B0C126BCD1D}.Release|x86.ActiveCfg = Release|x86
		{669475DA-8F89-4657-B917-0B0C126BCD1D}.Release|x86.Build.0 = Release|x86
		{94B81CB7-F8A6-44BC-BD71-E927F701E0D8}.Debug|Any CPU.ActiveCfg = Debug|Any CPU
		{94B81CB7-F8A6-44BC-BD71-E927F701E0D8}.Debug|Any CPU.Build.0 = Debug|Any CPU
		{94B81CB7-F8A6-44BC-BD71-E927F701E0D8}.Debug|x64.ActiveCfg = Debug|x64
		{94B81CB7-F8A6-44BC-BD71-E927F701E0D8}.Debug|x64.Build.0 = Debug|x64
		{94B81CB7-F8A6-44BC-BD71-E927F701E0D8}.Debug|x86.ActiveCfg = Debug|x86
		{94B81CB7-F8A6-44BC-BD71-E927F701E0D8}.Debug|x86.Build.0 = Debug|x86
		{94B81CB7-F8A6-44BC-BD71-E927F701E0D8}.Release|Any CPU.ActiveCfg = Release|Any CPU
		{94B81CB7-F8A6-44BC-BD71-E927F701E0D8}.Release|Any CPU.Build.0 = Release|Any CPU
		{94B81CB7-F8A6-44BC-BD71-E927F701E0D8}.Release|x64.ActiveCfg = Release|x64
		{94B81CB7-F8A6-44BC-BD71-E927F701E0D8}.Release|x64.Build.0 = Release|x64
		{94B81CB7-F8A6-44BC-BD71-E927F701E0D8}.Release|x86.ActiveCfg = Release|x86
		{94B81CB7-F8A6-44BC-BD71-E927F701E0D8}.Release|x86.Build.0 = Release|x86
	EndGlobalSection
	GlobalSection(SolutionProperties) = preSolution
		HideSolutionNode = FALSE
	EndGlobalSection
	GlobalSection(NestedProjects) = preSolution
		{468ADEDE-6F5E-40C0-99C9-C6DAC4FAC934} = {1CB4179B-7FC0-4C1B-945C-CA1EB7287D19}
		{E7D6707B-D6EF-4FA8-9374-DC3B7D3CDFD6} = {1CB4179B-7FC0-4C1B-945C-CA1EB7287D19}
		{B7CA1480-C144-40AC-AB97-A626F800D5B4} = {1CB4179B-7FC0-4C1B-945C-CA1EB7287D19}
		{21411DAC-85C8-416B-ABD2-869EE23F4FFC} = {54B1B84F-0D1E-4A23-A1A2-5E61CE56CC9C}
		{B855BFF4-4537-446F-AD26-5392296A248E} = {54B1B84F-0D1E-4A23-A1A2-5E61CE56CC9C}
		{2AA2E559-5417-40ED-A739-D98049C8A68A} = {11955016-7ECB-4626-86CE-F5004259446F}
		{669475DA-8F89-4657-B917-0B0C126BCD1D} = {11955016-7ECB-4626-86CE-F5004259446F}
		{94B81CB7-F8A6-44BC-BD71-E927F701E0D8} = {1CB4179B-7FC0-4C1B-945C-CA1EB7287D19}
		{11955016-7ECB-4626-86CE-F5004259446F} = {8AD65DF8-2CC4-4FD5-806C-E789756C4B52}
		{54B1B84F-0D1E-4A23-A1A2-5E61CE56CC9C} = {8AD65DF8-2CC4-4FD5-806C-E789756C4B52}
	EndGlobalSection
EndGlobal
