
Microsoft Visual Studio Solution File, Format Version 12.00
# Visual Studio 14
VisualStudioVersion = 14.0.25420.1
MinimumVisualStudioVersion = 10.0.40219.1
Project("{2150E333-8FDC-42A3-9474-1A3956D46DE8}") = "Solution Items", "Solution Items", "{46E854F7-AEE3-4ADF-B01A-479D0C1584E0}"
	ProjectSection(SolutionItems) = preProject
		CPOL.htm = CPOL.htm
		LICENSE.md = LICENSE.md
		README.md = README.md
	EndProjectSection
EndProject
Project("{FAE04EC0-301F-11D3-BF4B-00C04F79EFBC}") = "NetworkView.ZoomAndPan", "NetworkView.ZoomAndPan\NetworkView.ZoomAndPan.csproj", "{468ADEDE-6F5E-40C0-99C9-C6DAC4FAC934}"
EndProject
Project("{FAE04EC0-301F-11D3-BF4B-00C04F79EFBC}") = "NetworkView.Utils", "NetworkView.Utils\NetworkView.Utils.csproj", "{E7D6707B-D6EF-4FA8-9374-DC3B7D3CDFD6}"
EndProject
Project("{FAE04EC0-301F-11D3-BF4B-00C04F79EFBC}") = "NetworkView.NetworkUI", "NetworkView.NetworkUI\NetworkView.NetworkUI.csproj", "{B7CA1480-C144-40AC-AB97-A626F800D5B4}"
EndProject
Project("{FAE04EC0-301F-11D3-BF4B-00C04F79EFBC}") = "NetworkView.SimpleSample", "NetworkView.SimpleSample\NetworkView.SimpleSample.csproj", "{21411DAC-85C8-416B-ABD2-869EE23F4FFC}"
EndProject
Project("{FAE04EC0-301F-11D3-BF4B-00C04F79EFBC}") = "NetworkView.SimpleNetworkModel", "NetworkView.SimpleSample\NetworkModel\NetworkView.SimpleNetworkModel.csproj", "{B855BFF4-4537-446F-AD26-5392296A248E}"
EndProject
Project("{FAE04EC0-301F-11D3-BF4B-00C04F79EFBC}") = "NetworkView.AdvancedSample", "NetworkView.AdvancedSample\NetworkView.AdvancedSample.csproj", "{2AA2E559-5417-40ED-A739-D98049C8A68A}"
EndProject
Project("{FAE04EC0-301F-11D3-BF4B-00C04F79EFBC}") = "NetworkView.AdvancedNetworkModel", "NetworkView.AdvancedSample\NetworkModel\NetworkView.AdvancedNetworkModel.csproj", "{669475DA-8F89-4657-B917-0B0C126BCD1D}"
EndProject
Global
	GlobalSection(SolutionConfigurationPlatforms) = preSolution
		Debug|Any CPU = Debug|Any CPU
		Debug|x64 = Debug|x64
		Debug|x86 = Debug|x86
		Release|Any CPU = Release|Any CPU
		Release|x64 = Release|x64
		Release|x86 = Release|x86
	EndGlobalSection
	GlobalSection(ProjectConfigurationPlatforms) = postSolution
		{468ADEDE-6F5E-40C0-99C9-C6DAC4FAC934}.Debug|Any CPU.ActiveCfg = Debug|Any CPU
		{468ADEDE-6F5E-40C0-99C9-C6DAC4FAC934}.Debug|Any CPU.Build.0 = Debug|Any CPU
		{468ADEDE-6F5E-40C0-99C9-C6DAC4FAC934}.Debug|x64.ActiveCfg = Debug|x64
		{468ADEDE-6F5E-40C0-99C9-C6DAC4FAC934}.Debug|x64.Build.0 = Debug|x64
		{468ADEDE-6F5E-40C0-99C9-C6DAC4FAC934}.Debug|x86.ActiveCfg = Debug|x86
		{468ADEDE-6F5E-40C0-99C9-C6DAC4FAC934}.Debug|x86.Build.0 = Debug|x86
		{468ADEDE-6F5E-40C0-99C9-C6DAC4FAC934}.Release|Any CPU.ActiveCfg = Release|Any CPU
		{468ADEDE-6F5E-40C0-99C9-C6DAC4FAC934}.Release|Any CPU.Build.0 = Release|Any CPU
		{468ADEDE-6F5E-40C0-99C9-C6DAC4FAC934}.Release|x64.ActiveCfg = Release|x64
		{468ADEDE-6F5E-40C0-99C9-C6DAC4FAC934}.Release|x64.Build.0 = Release|x64
		{468ADEDE-6F5E-40C0-99C9-C6DAC4FAC934}.Release|x86.ActiveCfg = Release|x86
		{468ADEDE-6F5E-40C0-99C9-C6DAC4FAC934}.Release|x86.Build.0 = Release|x86
		{E7D6707B-D6EF-4FA8-9374-DC3B7D3CDFD6}.Debug|Any CPU.ActiveCfg = Debug|Any CPU
		{E7D6707B-D6EF-4FA8-9374-DC3B7D3CDFD6}.Debug|Any CPU.Build.0 = Debug|Any CPU
		{E7D6707B-D6EF-4FA8-9374-DC3B7D3CDFD6}.Debug|x64.ActiveCfg = Debug|x64
		{E7D6707B-D6EF-4FA8-9374-DC3B7D3CDFD6}.Debug|x64.Build.0 = Debug|x64
		{E7D6707B-D6EF-4FA8-9374-DC3B7D3CDFD6}.Debug|x86.ActiveCfg = Debug|x86
		{E7D6707B-D6EF-4FA8-9374-DC3B7D3CDFD6}.Debug|x86.Build.0 = Debug|x86
		{E7D6707B-D6EF-4FA8-9374-DC3B7D3CDFD6}.Release|Any CPU.ActiveCfg = Release|Any CPU
		{E7D6707B-D6EF-4FA8-9374-DC3B7D3CDFD6}.Release|Any CPU.Build.0 = Release|Any CPU
		{E7D6707B-D6EF-4FA8-9374-DC3B7D3CDFD6}.Release|x64.ActiveCfg = Release|x64
		{E7D6707B-D6EF-4FA8-9374-DC3B7D3CDFD6}.Release|x64.Build.0 = Release|x64
		{E7D6707B-D6EF-4FA8-9374-DC3B7D3CDFD6}.Release|x86.ActiveCfg = Release|x86
		{E7D6707B-D6EF-4FA8-9374-DC3B7D3CDFD6}.Release|x86.Build.0 = Release|x86
		{B7CA1480-C144-40AC-AB97-A626F800D5B4}.Debug|Any CPU.ActiveCfg = Debug|Any CPU
		{B7CA1480-C144-40AC-AB97-A626F800D5B4}.Debug|Any CPU.Build.0 = Debug|Any CPU
		{B7CA1480-C144-40AC-AB97-A626F800D5B4}.Debug|x64.ActiveCfg = Debug|x64
		{B7CA1480-C144-40AC-AB97-A626F800D5B4}.Debug|x64.Build.0 = Debug|x64
		{B7CA1480-C144-40AC-AB97-A626F800D5B4}.Debug|x86.ActiveCfg = Debug|x86
		{B7CA1480-C144-40AC-AB97-A626F800D5B4}.Debug|x86.Build.0 = Debug|x86
		{B7CA1480-C144-40AC-AB97-A626F800D5B4}.Release|Any CPU.ActiveCfg = Release|Any CPU
		{B7CA1480-C144-40AC-AB97-A626F800D5B4}.Release|Any CPU.Build.0 = Release|Any CPU
		{B7CA1480-C144-40AC-AB97-A626F800D5B4}.Release|x64.ActiveCfg = Release|x64
		{B7CA1480-C144-40AC-AB97-A626F800D5B4}.Release|x64.Build.0 = Release|x64
		{B7CA1480-C144-40AC-AB97-A626F800D5B4}.Release|x86.ActiveCfg = Release|x86
		{B7CA1480-C144-40AC-AB97-A626F800D5B4}.Release|x86.Build.0 = Release|x86
		{21411DAC-85C8-416B-ABD2-869EE23F4FFC}.Debug|Any CPU.ActiveCfg = Debug|Any CPU
		{21411DAC-85C8-416B-ABD2-869EE23F4FFC}.Debug|Any CPU.Build.0 = Debug|Any CPU
		{21411DAC-85C8-416B-ABD2-869EE23F4FFC}.Debug|x64.ActiveCfg = Debug|x64
		{21411DAC-85C8-416B-ABD2-869EE23F4FFC}.Debug|x64.Build.0 = Debug|x64
		{21411DAC-85C8-416B-ABD2-869EE23F4FFC}.Debug|x86.ActiveCfg = Debug|x86
		{21411DAC-85C8-416B-ABD2-869EE23F4FFC}.Debug|x86.Build.0 = Debug|x86
		{21411DAC-85C8-416B-ABD2-869EE23F4FFC}.Release|Any CPU.ActiveCfg = Release|Any CPU
		{21411DAC-85C8-416B-ABD2-869EE23F4FFC}.Release|Any CPU.Build.0 = Release|Any CPU
		{21411DAC-85C8-416B-ABD2-869EE23F4FFC}.Release|x64.ActiveCfg = Release|x64
		{21411DAC-85C8-416B-ABD2-869EE23F4FFC}.Release|x64.Build.0 = Release|x64
		{21411DAC-85C8-416B-ABD2-869EE23F4FFC}.Release|x86.ActiveCfg = Release|x86
		{21411DAC-85C8-416B-ABD2-869EE23F4FFC}.Release|x86.Build.0 = Release|x86
		{B855BFF4-4537-446F-AD26-5392296A248E}.Debug|Any CPU.ActiveCfg = Debug|Any CPU
		{B855BFF4-4537-446F-AD26-5392296A248E}.Debug|Any CPU.Build.0 = Debug|Any CPU
		{B855BFF4-4537-446F-AD26-5392296A248E}.Debug|x64.ActiveCfg = Debug|x64
		{B855BFF4-4537-446F-AD26-5392296A248E}.Debug|x64.Build.0 = Debug|x64
		{B855BFF4-4537-446F-AD26-5392296A248E}.Debug|x86.ActiveCfg = Debug|x86
		{B855BFF4-4537-446F-AD26-5392296A248E}.Debug|x86.Build.0 = Debug|x86
		{B855BFF4-4537-446F-AD26-5392296A248E}.Release|Any CPU.ActiveCfg = Release|Any CPU
		{B855BFF4-4537-446F-AD26-5392296A248E}.Release|Any CPU.Build.0 = Release|Any CPU
		{B855BFF4-4537-446F-AD26-5392296A248E}.Release|x64.ActiveCfg = Release|x64
		{B855BFF4-4537-446F-AD26-5392296A248E}.Release|x64.Build.0 = Release|x64
		{B855BFF4-4537-446F-AD26-5392296A248E}.Release|x86.ActiveCfg = Release|x86
		{B855BFF4-4537-446F-AD26-5392296A248E}.Release|x86.Build.0 = Release|x86
		{2AA2E559-5417-40ED-A739-D98049C8A68A}.Debug|Any CPU.ActiveCfg = Debug|Any CPU
		{2AA2E559-5417-40ED-A739-D98049C8A68A}.Debug|Any CPU.Build.0 = Debug|Any CPU
		{2AA2E559-5417-40ED-A739-D98049C8A68A}.Debug|x64.ActiveCfg = Debug|x64
		{2AA2E559-5417-40ED-A739-D98049C8A68A}.Debug|x64.Build.0 = Debug|x64
		{2AA2E559-5417-40ED-A739-D98049C8A68A}.Debug|x86.ActiveCfg = Debug|x86
		{2AA2E559-5417-40ED-A739-D98049C8A68A}.Debug|x86.Build.0 = Debug|x86
		{2AA2E559-5417-40ED-A739-D98049C8A68A}.Release|Any CPU.ActiveCfg = Release|Any CPU
		{2AA2E559-5417-40ED-A739-D98049C8A68A}.Release|Any CPU.Build.0 = Release|Any CPU
		{2AA2E559-5417-40ED-A739-D98049C8A68A}.Release|x64.ActiveCfg = Release|x64
		{2AA2E559-5417-40ED-A739-D98049C8A68A}.Release|x64.Build.0 = Release|x64
		{2AA2E559-5417-40ED-A739-D98049C8A68A}.Release|x86.ActiveCfg = Release|x86
		{2AA2E559-5417-40ED-A739-D98049C8A68A}.Release|x86.Build.0 = Release|x86
		{669475DA-8F89-4657-B917-0B0C126BCD1D}.Debug|Any CPU.ActiveCfg = Debug|Any CPU
		{669475DA-8F89-4657-B917-0B0C126BCD1D}.Debug|Any CPU.Build.0 = Debug|Any CPU
		{669475DA-8F89-4657-B917-0B0C126BCD1D}.Debug|x64.ActiveCfg = Debug|x64
		{669475DA-8F89-4657-B917-0B0C126BCD1D}.Debug|x64.Build.0 = Debug|x64
		{669475DA-8F89-4657-B917-0B0C126BCD1D}.Debug|x86.ActiveCfg = Debug|x86
		{669475DA-8F89-4657-B917-0B0C126BCD1D}.Debug|x86.Build.0 = Debug|x86
		{669475DA-8F89-4657-B917-0B0C126BCD1D}.Release|Any CPU.ActiveCfg = Release|Any CPU
		{669475DA-8F89-4657-B917-0B0C126BCD1D}.Release|Any CPU.Build.0 = Release|Any CPU
		{669475DA-8F89-4657-B917-0B0C126BCD1D}.Release|x64.ActiveCfg = Release|x64
		{669475DA-8F89-4657-B917-0B0C126BCD1D}.Release|x64.Build.0 = Release|x64
		{669475DA-8F89-4657-B917-0B0C126BCD1D}.Release|x86.ActiveCfg = Release|x86
		{669475DA-8F89-4657-B917-0B0C126BCD1D}.Release|x86.Build.0 = Release|x86
	EndGlobalSection
	GlobalSection(SolutionProperties) = preSolution
		HideSolutionNode = FALSE
	EndGlobalSection
EndGlobal
